Microsoft Visual Studio Solution File, Format Version 12.00
# Visual Studio Version 17
VisualStudioVersion = 17.5.2.0
MinimumVisualStudioVersion = 10.0.40219.1
Project("{FAE04EC0-301F-11D3-BF4B-00C04F79EFBC}") = "PierwszyKod", "PierwszyKod.csproj", "{7ED68AB1-4DF6-17A7-6345-314710BCEA90}"
EndProject
Global
	GlobalSection(SolutionConfigurationPlatforms) = preSolution
		Debug|Any CPU = Debug|Any CPU
		Release|Any CPU = Release|Any CPU
	EndGlobalSection
	GlobalSection(ProjectConfigurationPlatforms) = postSolution
		{7ED68AB1-4DF6-17A7-6345-314710BCEA90}.Debug|Any CPU.ActiveCfg = Debug|Any CPU
		{7ED68AB1-4DF6-17A7-6345-314710BCEA90}.Debug|Any CPU.Build.0 = Debug|Any CPU
		{7ED68AB1-4DF6-17A7-6345-314710BCEA90}.Release|Any CPU.ActiveCfg = Release|Any CPU
		{7ED68AB1-4DF6-17A7-6345-314710BCEA90}.Release|Any CPU.Build.0 = Release|Any CPU
	EndGlobalSection
	GlobalSection(SolutionProperties) = preSolution
		HideSolutionNode = FALSE
	EndGlobalSection
	GlobalSection(ExtensibilityGlobals) = postSolution
		SolutionGuid = {B215B234-BE09-4B8F-94FC-89043E4BBF4E}
	EndGlobalSection
EndGlobal
